# This file is automatically @generated by Cargo.
# It is not intended for manual editing.
version = 4

[[package]]
name = "samkhya-bench"
version = "0.0.1"
dependencies = [
 "samkhya-core",
]

[[package]]
name = "samkhya-core"
version = "0.0.1"

[[package]]
name = "samkhya-datafusion"
version = "0.0.1"
dependencies = [
 "samkhya-core",
]

[[package]]
name = "samkhya-duckdb"
version = "0.0.1"
dependencies = [
 "samkhya-core",
]

[[package]]
name = "samkhya-py"
version = "0.0.1"
dependencies = [
 "samkhya-core",
]
